// !$*UTF8*$!
{
	archiveVersion = 1;
	classes = {
	};
	objectVersion = 50;
	objects = {

/* Begin PBXBuildFile section */
		6A635D612698BFE50066295D /* AppDelegate.swift in Sources */ = {isa = PBXBuildFile; fileRef = 6A635D602698BFE50066295D /* AppDelegate.swift */; };
		6A635D632698BFE50066295D /* SceneDelegate.swift in Sources */ = {isa = PBXBuildFile; fileRef = 6A635D622698BFE50066295D /* SceneDelegate.swift */; };
		6A635D652698BFE50066295D /* ViewController.swift in Sources */ = {isa = PBXBuildFile; fileRef = 6A635D642698BFE50066295D /* ViewController.swift */; };
		6A635D682698BFE50066295D /* Main.storyboard in Resources */ = {isa = PBXBuildFile; fileRef = 6A635D662698BFE50066295D /* Main.storyboard */; };
		6A635D6A2698BFE80066295D /* Assets.xcassets in Resources */ = {isa = PBXBuildFile; fileRef = 6A635D692698BFE80066295D /* Assets.xcassets */; };
		6A635D6D2698BFE80066295D /* LaunchScreen.storyboard in Resources */ = {isa = PBXBuildFile; fileRef = 6A635D6B2698BFE80066295D /* LaunchScreen.storyboard */; };
		6A635D782698BFE90066295D /* MovieManiaTests.swift in Sources */ = {isa = PBXBuildFile; fileRef = 6A635D772698BFE90066295D /* MovieManiaTests.swift */; };
		6A635D832698BFE90066295D /* MovieManiaUITests.swift in Sources */ = {isa = PBXBuildFile; fileRef = 6A635D822698BFE90066295D /* MovieManiaUITests.swift */; };
/* End PBXBuildFile section */

/* Begin PBXContainerItemProxy section */
		6A635D742698BFE90066295D /* PBXContainerItemProxy */ = {
			isa = PBXContainerItemProxy;
			containerPortal = 6A635D552698BFE50066295D /* Project object */;
			proxyType = 1;
			remoteGlobalIDString = 6A635D5C2698BFE50066295D;
			remoteInfo = MovieMania;
		};
		6A635D7F2698BFE90066295D /* PBXContainerItemProxy */ = {
			isa = PBXContainerItemProxy;
			containerPortal = 6A635D552698BFE50066295D /* Project object */;
			proxyType = 1;
			remoteGlobalIDString = 6A635D5C2698BFE50066295D;
			remoteInfo = MovieMania;
		};
/* End PBXContainerItemProxy section */

/* Begin PBXFileReference section */
		6A635D5D2698BFE50066295D /* MovieMania.app */ = {isa = PBXFileReference; explicitFileType = wrapper.application; includeInIndex = 0; path = MovieMania.app; sourceTree = BUILT_PRODUCTS_DIR; };
		6A635D602698BFE50066295D /* AppDelegate.swift */ = {isa = PBXFileReference; lastKnownFileType = sourcecode.swift; path = AppDelegate.swift; sourceTree = "<group>"; };
		6A635D622698BFE50066295D /* SceneDelegate.swift */ = {isa = PBXFileReference; lastKnownFileType = sourcecode.swift; path = SceneDelegate.swift; sourceTree = "<group>"; };
		6A635D642698BFE50066295D /* ViewController.swift */ = {isa = PBXFileReference; lastKnownFileType = sourcecode.swift; path = ViewController.swift; sourceTree = "<group>"; };
		6A635D672698BFE50066295D /* Base */ = {isa = PBXFileReference; lastKnownFileType = file.storyboard; name = Base; path = Base.lproj/Main.storyboard; sourceTree = "<group>"; };
		6A635D692698BFE80066295D /* Assets.xcassets */ = {isa = PBXFileReference; lastKnownFileType = folder.assetcatalog; path = Assets.xcassets; sourceTree = "<group>"; };
		6A635D6C2698BFE80066295D /* Base */ = {isa = PBXFileReference; lastKnownFileType = file.storyboard; name = Base; path = Base.lproj/LaunchScreen.storyboard; sourceTree = "<group>"; };
		6A635D6E2698BFE80066295D /* Info.plist */ = {isa = PBXFileReference; lastKnownFileType = text.plist.xml; path = Info.plist; sourceTree = "<group>"; };
		6A635D732698BFE90066295D /* MovieManiaTests.xctest */ = {isa = PBXFileReference; explicitFileType = wrapper.cfbundle; includeInIndex = 0; path = MovieManiaTests.xctest; sourceTree = BUILT_PRODUCTS_DIR; };
		6A635D772698BFE90066295D /* MovieManiaTests.swift */ = {isa = PBXFileReference; lastKnownFileType = sourcecode.swift; path = MovieManiaTests.swift; sourceTree = "<group>"; };
		6A635D792698BFE90066295D /* Info.plist */ = {isa = PBXFileReference; lastKnownFileType = text.plist.xml; path = Info.plist; sourceTree = "<group>"; };
		6A635D7E2698BFE90066295D /* MovieManiaUITests.xctest */ = {isa = PBXFileReference; explicitFileType = wrapper.cfbundle; includeInIndex = 0; path = MovieManiaUITests.xctest; sourceTree = BUILT_PRODUCTS_DIR; };
		6A635D822698BFE90066295D /* MovieManiaUITests.swift */ = {isa = PBXFileReference; lastKnownFileType = sourcecode.swift; path = MovieManiaUITests.swift; sourceTree = "<group>"; };
		6A635D842698BFE90066295D /* Info.plist */ = {isa = PBXFileReference; lastKnownFileType = text.plist.xml; path = Info.plist; sourceTree = "<group>"; };
/* End PBXFileReference section */

/* Begin PBXFrameworksBuildPhase section */
		6A635D5A2698BFE50066295D /* Frameworks */ = {
			isa = PBXFrameworksBuildPhase;
			buildActionMask = 2147483647;
			files = (
			);
			runOnlyForDeploymentPostprocessing = 0;
		};
		6A635D702698BFE90066295D /* Frameworks */ = {
			isa = PBXFrameworksBuildPhase;
			buildActionMask = 2147483647;
			files = (
			);
			runOnlyForDeploymentPostprocessing = 0;
		};
		6A635D7B2698BFE90066295D /* Frameworks */ = {
			isa = PBXFrameworksBuildPhase;
			buildActionMask = 2147483647;
			files = (
			);
			runOnlyForDeploymentPostprocessing = 0;
		};
/* End PBXFrameworksBuildPhase section */

/* Begin PBXGroup section */
		6A635D542698BFE50066295D = {
			isa = PBXGroup;
			children = (
				6A635D5F2698BFE50066295D /* MovieMania */,
				6A635D762698BFE90066295D /* MovieManiaTests */,
				6A635D812698BFE90066295D /* MovieManiaUITests */,
				6A635D5E2698BFE50066295D /* Products */,
			);
			sourceTree = "<group>";
		};
		6A635D5E2698BFE50066295D /* Products */ = {
			isa = PBXGroup;
			children = (
				6A635D5D2698BFE50066295D /* MovieMania.app */,
				6A635D732698BFE90066295D /* MovieManiaTests.xctest */,
				6A635D7E2698BFE90066295D /* MovieManiaUITests.xctest */,
			);
			name = Products;
			sourceTree = "<group>";
		};
		6A635D5F2698BFE50066295D /* MovieMania */ = {
			isa = PBXGroup;
			children = (
				6A635D602698BFE50066295D /* AppDelegate.swift */,
				6A635D622698BFE50066295D /* SceneDelegate.swift */,
				6A635D642698BFE50066295D /* ViewController.swift */,
				6A635D662698BFE50066295D /* Main.storyboard */,
				6A635D692698BFE80066295D /* Assets.xcassets */,
				6A635D6B2698BFE80066295D /* LaunchScreen.storyboard */,
				6A635D6E2698BFE80066295D /* Info.plist */,
			);
			path = MovieMania;
			sourceTree = "<group>";
		};
		6A635D762698BFE90066295D /* MovieManiaTests */ = {
			isa = PBXGroup;
			children = (
				6A635D772698BFE90066295D /* MovieManiaTests.swift */,
				6A635D792698BFE90066295D /* Info.plist */,
			);
			path = MovieManiaTests;
			sourceTree = "<group>";
		};
		6A635D812698BFE90066295D /* MovieManiaUITests */ = {
			isa = PBXGroup;
			children = (
				6A635D822698BFE90066295D /* MovieManiaUITests.swift */,
				6A635D842698BFE90066295D /* Info.plist */,
			);
			path = MovieManiaUITests;
			sourceTree = "<group>";
		};
/* End PBXGroup section */

/* Begin PBXNativeTarget section */
		6A635D5C2698BFE50066295D /* MovieMania */ = {
			isa = PBXNativeTarget;
			buildConfigurationList = 6A635D872698BFE90066295D /* Build configuration list for PBXNativeTarget "MovieMania" */;
			buildPhases = (
				6A635D592698BFE50066295D /* Sources */,
				6A635D5A2698BFE50066295D /* Frameworks */,
				6A635D5B2698BFE50066295D /* Resources */,
			);
			buildRules = (
			);
			dependencies = (
			);
			name = MovieMania;
			productName = MovieMania;
			productReference = 6A635D5D2698BFE50066295D /* MovieMania.app */;
			productType = "com.apple.product-type.application";
		};
		6A635D722698BFE90066295D /* MovieManiaTests */ = {
			isa = PBXNativeTarget;
			buildConfigurationList = 6A635D8A2698BFE90066295D /* Build configuration list for PBXNativeTarget "MovieManiaTests" */;
			buildPhases = (
				6A635D6F2698BFE90066295D /* Sources */,
				6A635D702698BFE90066295D /* Frameworks */,
				6A635D712698BFE90066295D /* Resources */,
			);
			buildRules = (
			);
			dependencies = (
				6A635D752698BFE90066295D /* PBXTargetDependency */,
			);
			name = MovieManiaTests;
			productName = MovieManiaTests;
			productReference = 6A635D732698BFE90066295D /* MovieManiaTests.xctest */;
			productType = "com.apple.product-type.bundle.unit-test";
		};
		6A635D7D2698BFE90066295D /* MovieManiaUITests */ = {
			isa = PBXNativeTarget;
			buildConfigurationList = 6A635D8D2698BFE90066295D /* Build configuration list for PBXNativeTarget "MovieManiaUITests" */;
			buildPhases = (
				6A635D7A2698BFE90066295D /* Sources */,
				6A635D7B2698BFE90066295D /* Frameworks */,
				6A635D7C2698BFE90066295D /* Resources */,
			);
			buildRules = (
			);
			dependencies = (
				6A635D802698BFE90066295D /* PBXTargetDependency */,
			);
			name = MovieManiaUITests;
			productName = MovieManiaUITests;
			productReference = 6A635D7E2698BFE90066295D /* MovieManiaUITests.xctest */;
			productType = "com.apple.product-type.bundle.ui-testing";
		};
/* End PBXNativeTarget section */

/* Begin PBXProject section */
		6A635D552698BFE50066295D /* Project object */ = {
			isa = PBXProject;
			attributes = {
				LastSwiftUpdateCheck = 1250;
				LastUpgradeCheck = 1250;
				TargetAttributes = {
					6A635D5C2698BFE50066295D = {
						CreatedOnToolsVersion = 12.5.1;
					};
					6A635D722698BFE90066295D = {
						CreatedOnToolsVersion = 12.5.1;
						TestTargetID = 6A635D5C2698BFE50066295D;
					};
					6A635D7D2698BFE90066295D = {
						CreatedOnToolsVersion = 12.5.1;
						TestTargetID = 6A635D5C2698BFE50066295D;
					};
				};
			};
			buildConfigurationList = 6A635D582698BFE50066295D /* Build configuration list for PBXProject "MovieMania" */;
			compatibilityVersion = "Xcode 9.3";
			developmentRegion = en;
			hasScannedForEncodings = 0;
			knownRegions = (
				en,
				Base,
			);
			mainGroup = 6A635D542698BFE50066295D;
			productRefGroup = 6A635D5E2698BFE50066295D /* Products */;
			projectDirPath = "";
			projectRoot = "";
			targets = (
				6A635D5C2698BFE50066295D /* MovieMania */,
				6A635D722698BFE90066295D /* MovieManiaTests */,
				6A635D7D2698BFE90066295D /* MovieManiaUITests */,
			);
		};
/* End PBXProject section */

/* Begin PBXResourcesBuildPhase section */
		6A635D5B2698BFE50066295D /* Resources */ = {
			isa = PBXResourcesBuildPhase;
			buildActionMask = 2147483647;
			files = (
				6A635D6D2698BFE80066295D /* LaunchScreen.storyboard in Resources */,
				6A635D6A2698BFE80066295D /* Assets.xcassets in Resources */,
				6A635D682698BFE50066295D /* Main.storyboard in Resources */,
			);
			runOnlyForDeploymentPostprocessing = 0;
		};
		6A635D712698BFE90066295D /* Resources */ = {
			isa = PBXResourcesBuildPhase;
			buildActionMask = 2147483647;
			files = (
			);
			runOnlyForDeploymentPostprocessing = 0;
		};
		6A635D7C2698BFE90066295D /* Resources */ = {
			isa = PBXResourcesBuildPhase;
			buildActionMask = 2147483647;
			files = (
			);
			runOnlyForDeploymentPostprocessing = 0;
		};
/* End PBXResourcesBuildPhase section */

/* Begin PBXSourcesBuildPhase section */
		6A635D592698BFE50066295D /* Sources */ = {
			isa = PBXSourcesBuildPhase;
			buildActionMask = 2147483647;
			files = (
				6A635D652698BFE50066295D /* ViewController.swift in Sources */,
				6A635D612698BFE50066295D /* AppDelegate.swift in Sources */,
				6A635D632698BFE50066295D /* SceneDelegate.swift in Sources */,
			);
			runOnlyForDeploymentPostprocessing = 0;
		};
		6A635D6F2698BFE90066295D /* Sources */ = {
			isa = PBXSourcesBuildPhase;
			buildActionMask = 2147483647;
			files = (
				6A635D782698BFE90066295D /* MovieManiaTests.swift in Sources */,
			);
			runOnlyForDeploymentPostprocessing = 0;
		};
		6A635D7A2698BFE90066295D /* Sources */ = {
			isa = PBXSourcesBuildPhase;
			buildActionMask = 2147483647;
			files = (
				6A635D832698BFE90066295D /* MovieManiaUITests.swift in Sources */,
			);
			runOnlyForDeploymentPostprocessing = 0;
		};
/* End PBXSourcesBuildPhase section */

/* Begin PBXTargetDependency section */
		6A635D752698BFE90066295D /* PBXTargetDependency */ = {
			isa = PBXTargetDependency;
			target = 6A635D5C2698BFE50066295D /* MovieMania */;
			targetProxy = 6A635D742698BFE90066295D /* PBXContainerItemProxy */;
		};
		6A635D802698BFE90066295D /* PBXTargetDependency */ = {
			isa = PBXTargetDependency;
			target = 6A635D5C2698BFE50066295D /* MovieMania */;
			targetProxy = 6A635D7F2698BFE90066295D /* PBXContainerItemProxy */;
		};
/* End PBXTargetDependency section */

/* Begin PBXVariantGroup section */
		6A635D662698BFE50066295D /* Main.storyboard */ = {
			isa = PBXVariantGroup;
			children = (
				6A635D672698BFE50066295D /* Base */,
			);
			name = Main.storyboard;
			sourceTree = "<group>";
		};
		6A635D6B2698BFE80066295D /* LaunchScreen.storyboard */ = {
			isa = PBXVariantGroup;
			children = (
				6A635D6C2698BFE80066295D /* Base */,
			);
			name = LaunchScreen.storyboard;
			sourceTree = "<group>";
		};
/* End PBXVariantGroup section */

/* Begin XCBuildConfiguration section */
		6A635D852698BFE90066295D /* Debug */ = {
			isa = XCBuildConfiguration;
			buildSettings = {
				ALWAYS_SEARCH_USER_PATHS = NO;
				CLANG_ANALYZER_NONNULL = YES;
				CLANG_ANALYZER_NUMBER_OBJECT_CONVERSION = YES_AGGRESSIVE;
				CLANG_CXX_LANGUAGE_STANDARD = "gnu++14";
				CLANG_CXX_LIBRARY = "libc++";
				CLANG_ENABLE_MODULES = YES;
				CLANG_ENABLE_OBJC_ARC = YES;
				CLANG_ENABLE_OBJC_WEAK = YES;
				CLANG_WARN_BLOCK_CAPTURE_AUTORELEASING = YES;
				CLANG_WARN_BOOL_CONVERSION = YES;
				CLANG_WARN_COMMA = YES;
				CLANG_WARN_CONSTANT_CONVERSION = YES;
				CLANG_WARN_DEPRECATED_OBJC_IMPLEMENTATIONS = YES;
				CLANG_WARN_DIRECT_OBJC_ISA_USAGE = YES_ERROR;
				CLANG_WARN_DOCUMENTATION_COMMENTS = YES;
				CLANG_WARN_EMPTY_BODY = YES;
				CLANG_WARN_ENUM_CONVERSION = YES;
				CLANG_WARN_INFINITE_RECURSION = YES;
				CLANG_WARN_INT_CONVERSION = YES;
				CLANG_WARN_NON_LITERAL_NULL_CONVERSION = YES;
				CLANG_WARN_OBJC_IMPLICIT_RETAIN_SELF = YES;
				CLANG_WARN_OBJC_LITERAL_CONVERSION = YES;
				CLANG_WARN_OBJC_ROOT_CLASS = YES_ERROR;
				CLANG_WARN_QUOTED_INCLUDE_IN_FRAMEWORK_HEADER = YES;
				CLANG_WARN_RANGE_LOOP_ANALYSIS = YES;
				CLANG_WARN_STRICT_PROTOTYPES = YES;
				CLANG_WARN_SUSPICIOUS_MOVE = YES;
				CLANG_WARN_UNGUARDED_AVAILABILITY = YES_AGGRESSIVE;
				CLANG_WARN_UNREACHABLE_CODE = YES;
				CLANG_WARN__DUPLICATE_METHOD_MATCH = YES;
				COPY_PHASE_STRIP = NO;
				DEBUG_INFORMATION_FORMAT = dwarf;
				ENABLE_STRICT_OBJC_MSGSEND = YES;
				ENABLE_TESTABILITY = YES;
				GCC_C_LANGUAGE_STANDARD = gnu11;
				GCC_DYNAMIC_NO_PIC = NO;
				GCC_NO_COMMON_BLOCKS = YES;
				GCC_OPTIMIZATION_LEVEL = 0;
				GCC_PREPROCESSOR_DEFINITIONS = (
					"DEBUG=1",
					"$(inherited)",
				);
				GCC_WARN_64_TO_32_BIT_CONVERSION = YES;
				GCC_WARN_ABOUT_RETURN_TYPE = YES_ERROR;
				GCC_WARN_UNDECLARED_SELECTOR = YES;
				GCC_WARN_UNINITIALIZED_AUTOS = YES_AGGRESSIVE;
				GCC_WARN_UNUSED_FUNCTION = YES;
				GCC_WARN_UNUSED_VARIABLE = YES;
				IPHONEOS_DEPLOYMENT_TARGET = 14.5;
				MTL_ENABLE_DEBUG_INFO = INCLUDE_SOURCE;
				MTL_FAST_MATH = YES;
				ONLY_ACTIVE_ARCH = YES;
				SDKROOT = iphoneos;
				SWIFT_ACTIVE_COMPILATION_CONDITIONS = DEBUG;
				SWIFT_OPTIMIZATION_LEVEL = "-Onone";
			};
			name = Debug;
		};
		6A635D862698BFE90066295D /* Release */ = {
			isa = XCBuildConfiguration;
			buildSettings = {
				ALWAYS_SEARCH_USER_PATHS = NO;
				CLANG_ANALYZER_NONNULL = YES;
				CLANG_ANALYZER_NUMBER_OBJECT_CONVERSION = YES_AGGRESSIVE;
				CLANG_CXX_LANGUAGE_STANDARD = "gnu++14";
				CLANG_CXX_LIBRARY = "libc++";
				CLANG_ENABLE_MODULES = YES;
				CLANG_ENABLE_OBJC_ARC = YES;
				CLANG_ENABLE_OBJC_WEAK = YES;
				CLANG_WARN_BLOCK_CAPTURE_AUTORELEASING = YES;
				CLANG_WARN_BOOL_CONVERSION = YES;
				CLANG_WARN_COMMA = YES;
				CLANG_WARN_CONSTANT_CONVERSION = YES;
				CLANG_WARN_DEPRECATED_OBJC_IMPLEMENTATIONS = YES;
				CLANG_WARN_DIRECT_OBJC_ISA_USAGE = YES_ERROR;
				CLANG_WARN_DOCUMENTATION_COMMENTS = YES;
				CLANG_WARN_EMPTY_BODY = YES;
				CLANG_WARN_ENUM_CONVERSION = YES;
				CLANG_WARN_INFINITE_RECURSION = YES;
				CLANG_WARN_INT_CONVERSION = YES;
				CLANG_WARN_NON_LITERAL_NULL_CONVERSION = YES;
				CLANG_WARN_OBJC_IMPLICIT_RETAIN_SELF = YES;
				CLANG_WARN_OBJC_LITERAL_CONVERSION = YES;
				CLANG_WARN_OBJC_ROOT_CLASS = YES_ERROR;
				CLANG_WARN_QUOTED_INCLUDE_IN_FRAMEWORK_HEADER = YES;
				CLANG_WARN_RANGE_LOOP_ANALYSIS = YES;
				CLANG_WARN_STRICT_PROTOTYPES = YES;
				CLANG_WARN_SUSPICIOUS_MOVE = YES;
				CLANG_WARN_UNGUARDED_AVAILABILITY = YES_AGGRESSIVE;
				CLANG_WARN_UNREACHABLE_CODE = YES;
				CLANG_WARN__DUPLICATE_METHOD_MATCH = YES;
				COPY_PHASE_STRIP = NO;
				DEBUG_INFORMATION_FORMAT = "dwarf-with-dsym";
				ENABLE_NS_ASSERTIONS = NO;
				ENABLE_STRICT_OBJC_MSGSEND = YES;
				GCC_C_LANGUAGE_STANDARD = gnu11;
				GCC_NO_COMMON_BLOCKS = YES;
				GCC_WARN_64_TO_32_BIT_CONVERSION = YES;
				GCC_WARN_ABOUT_RETURN_TYPE = YES_ERROR;
				GCC_WARN_UNDECLARED_SELECTOR = YES;
				GCC_WARN_UNINITIALIZED_AUTOS = YES_AGGRESSIVE;
				GCC_WARN_UNUSED_FUNCTION = YES;
				GCC_WARN_UNUSED_VARIABLE = YES;
				IPHONEOS_DEPLOYMENT_TARGET = 14.5;
				MTL_ENABLE_DEBUG_INFO = NO;
				MTL_FAST_MATH = YES;
				SDKROOT = iphoneos;
				SWIFT_COMPILATION_MODE = wholemodule;
				SWIFT_OPTIMIZATION_LEVEL = "-O";
				VALIDATE_PRODUCT = YES;
			};
			name = Release;
		};
		6A635D882698BFE90066295D /* Debug */ = {
			isa = XCBuildConfiguration;
			buildSettings = {
				ASSETCATALOG_COMPILER_APPICON_NAME = AppIcon;
				ASSETCATALOG_COMPILER_GLOBAL_ACCENT_COLOR_NAME = AccentColor;
				CODE_SIGN_STYLE = Automatic;
				DEVELOPMENT_TEAM = G34J8SADKW;
				INFOPLIST_FILE = MovieMania/Info.plist;
				LD_RUNPATH_SEARCH_PATHS = (
					"$(inherited)",
					"@executable_path/Frameworks",
				);
				PRODUCT_BUNDLE_IDENTIFIER = com.ubaidillah.swiftui.MovieMania;
				PRODUCT_NAME = "$(TARGET_NAME)";
				SWIFT_VERSION = 5.0;
				TARGETED_DEVICE_FAMILY = "1,2";
			};
			name = Debug;
		};
		6A635D892698BFE90066295D /* Release */ = {
			isa = XCBuildConfiguration;
			buildSettings = {
				ASSETCATALOG_COMPILER_APPICON_NAME = AppIcon;
				ASSETCATALOG_COMPILER_GLOBAL_ACCENT_COLOR_NAME = AccentColor;
				CODE_SIGN_STYLE = Automatic;
				DEVELOPMENT_TEAM = G34J8SADKW;
				INFOPLIST_FILE = MovieMania/Info.plist;
				LD_RUNPATH_SEARCH_PATHS = (
					"$(inherited)",
					"@executable_path/Frameworks",
				);
				PRODUCT_BUNDLE_IDENTIFIER = com.ubaidillah.swiftui.MovieMania;
				PRODUCT_NAME = "$(TARGET_NAME)";
				SWIFT_VERSION = 5.0;
				TARGETED_DEVICE_FAMILY = "1,2";
			};
			name = Release;
		};
		6A635D8B2698BFE90066295D /* Debug */ = {
			isa = XCBuildConfiguration;
			buildSettings = {
				ALWAYS_EMBED_SWIFT_STANDARD_LIBRARIES = YES;
				BUNDLE_LOADER = "$(TEST_HOST)";
				CODE_SIGN_STYLE = Automatic;
				DEVELOPMENT_TEAM = G34J8SADKW;
				INFOPLIST_FILE = MovieManiaTests/Info.plist;
				IPHONEOS_DEPLOYMENT_TARGET = 14.5;
				LD_RUNPATH_SEARCH_PATHS = (
					"$(inherited)",
					"@executable_path/Frameworks",
					"@loader_path/Frameworks",
				);
				PRODUCT_BUNDLE_IDENTIFIER = com.ubaidillah.swiftui.MovieManiaTests;
				PRODUCT_NAME = "$(TARGET_NAME)";
				SWIFT_VERSION = 5.0;
				TARGETED_DEVICE_FAMILY = "1,2";
				TEST_HOST = "$(BUILT_PRODUCTS_DIR)/MovieMania.app/MovieMania";
			};
			name = Debug;
		};
		6A635D8C2698BFE90066295D /* Release */ = {
			isa = XCBuildConfiguration;
			buildSettings = {
				ALWAYS_EMBED_SWIFT_STANDARD_LIBRARIES = YES;
				BUNDLE_LOADER = "$(TEST_HOST)";
				CODE_SIGN_STYLE = Automatic;
				DEVELOPMENT_TEAM = G34J8SADKW;
				INFOPLIST_FILE = MovieManiaTests/Info.plist;
				IPHONEOS_DEPLOYMENT_TARGET = 14.5;
				LD_RUNPATH_SEARCH_PATHS = (
					"$(inherited)",
					"@executable_path/Frameworks",
					"@loader_path/Frameworks",
				);
				PRODUCT_BUNDLE_IDENTIFIER = com.ubaidillah.swiftui.MovieManiaTests;
				PRODUCT_NAME = "$(TARGET_NAME)";
				SWIFT_VERSION = 5.0;
				TARGETED_DEVICE_FAMILY = "1,2";
				TEST_HOST = "$(BUILT_PRODUCTS_DIR)/MovieMania.app/MovieMania";
			};
			name = Release;
		};
		6A635D8E2698BFE90066295D /* Debug */ = {
			isa = XCBuildConfiguration;
			buildSettings = {
				ALWAYS_EMBED_SWIFT_STANDARD_LIBRARIES = YES;
				CODE_SIGN_STYLE = Automatic;
				DEVELOPMENT_TEAM = G34J8SADKW;
				INFOPLIST_FILE = MovieManiaUITests/Info.plist;
				LD_RUNPATH_SEARCH_PATHS = (
					"$(inherited)",
					"@executable_path/Frameworks",
					"@loader_path/Frameworks",
				);
				PRODUCT_BUNDLE_IDENTIFIER = com.ubaidillah.swiftui.MovieManiaUITests;
				PRODUCT_NAME = "$(TARGET_NAME)";
				SWIFT_VERSION = 5.0;
				TARGETED_DEVICE_FAMILY = "1,2";
				TEST_TARGET_NAME = MovieMania;
			};
			name = Debug;
		};
		6A635D8F2698BFE90066295D /* Release */ = {
			isa = XCBuildConfiguration;
			buildSettings = {
				ALWAYS_EMBED_SWIFT_STANDARD_LIBRARIES = YES;
				CODE_SIGN_STYLE = Automatic;
				DEVELOPMENT_TEAM = G34J8SADKW;
				INFOPLIST_FILE = MovieManiaUITests/Info.plist;
				LD_RUNPATH_SEARCH_PATHS = (
					"$(inherited)",
					"@executable_path/Frameworks",
					"@loader_path/Frameworks",
				);
				PRODUCT_BUNDLE_IDENTIFIER = com.ubaidillah.swiftui.MovieManiaUITests;
				PRODUCT_NAME = "$(TARGET_NAME)";
				SWIFT_VERSION = 5.0;
				TARGETED_DEVICE_FAMILY = "1,2";
				TEST_TARGET_NAME = MovieMania;
			};
			name = Release;
		};
/* End XCBuildConfiguration section */

/* Begin XCConfigurationList section */
		6A635D582698BFE50066295D /* Build configuration list for PBXProject "MovieMania" */ = {
			isa = XCConfigurationList;
			buildConfigurations = (
				6A635D852698BFE90066295D /* Debug */,
				6A635D862698BFE90066295D /* Release */,
			);
			defaultConfigurationIsVisible = 0;
			defaultConfigurationName = Release;
		};
		6A635D872698BFE90066295D /* Build configuration list for PBXNativeTarget "MovieMania" */ = {
			isa = XCConfigurationList;
			buildConfigurations = (
				6A635D882698BFE90066295D /* Debug */,
				6A635D892698BFE90066295D /* Release */,
			);
			defaultConfigurationIsVisible = 0;
			defaultConfigurationName = Release;
		};
		6A635D8A2698BFE90066295D /* Build configuration list for PBXNativeTarget "MovieManiaTests" */ = {
			isa = XCConfigurationList;
			buildConfigurations = (
				6A635D8B2698BFE90066295D /* Debug */,
				6A635D8C2698BFE90066295D /* Release */,
			);
			defaultConfigurationIsVisible = 0;
			defaultConfigurationName = Release;
		};
		6A635D8D2698BFE90066295D /* Build configuration list for PBXNativeTarget "MovieManiaUITests" */ = {
			isa = XCConfigurationList;
			buildConfigurations = (
				6A635D8E2698BFE90066295D /* Debug */,
				6A635D8F2698BFE90066295D /* Release */,
			);
			defaultConfigurationIsVisible = 0;
			defaultConfigurationName = Release;
		};
/* End XCConfigurationList section */
	};
	rootObject = 6A635D552698BFE50066295D /* Project object */;
}
